
Microsoft Visual Studio Solution File, Format Version 12.00
# Visual Studio Version 17
VisualStudioVersion = 17.0.32112.339
MinimumVisualStudioVersion = 10.0.40219.1
Project("{9A19103F-16F7-4668-BE54-9A1E7A4F7556}") = "Sonlen.AdminWeb", "Sonlen.AdminWeb\Sonlen.AdminWeb.csproj", "{05FE526F-9C90-43FC-889C-C60DCF16DA6C}"
EndProject
Project("{9A19103F-16F7-4668-BE54-9A1E7A4F7556}") = "Sonlen.WebAdmin.Model", "Sonlen.WebAdmin.Model\Sonlen.WebAdmin.Model.csproj", "{CCF76772-7FBB-4FD7-B297-13F58AE208AA}"
EndProject
Project("{9A19103F-16F7-4668-BE54-9A1E7A4F7556}") = "Sonlen.AdminWebAPI", "Sonlen.AdminWebAPI\Sonlen.AdminWebAPI.csproj", "{94D0806C-0382-4DD8-BB86-4692E32AE457}"
EndProject
Global
	GlobalSection(SolutionConfigurationPlatforms) = preSolution
		Debug|Any CPU = Debug|Any CPU
		Release|Any CPU = Release|Any CPU
	EndGlobalSection
	GlobalSection(ProjectConfigurationPlatforms) = postSolution
		{05FE526F-9C90-43FC-889C-C60DCF16DA6C}.Debug|Any CPU.ActiveCfg = Debug|Any CPU
		{05FE526F-9C90-43FC-889C-C60DCF16DA6C}.Debug|Any CPU.Build.0 = Debug|Any CPU
		{05FE526F-9C90-43FC-889C-C60DCF16DA6C}.Release|Any CPU.ActiveCfg = Release|Any CPU
		{05FE526F-9C90-43FC-889C-C60DCF16DA6C}.Release|Any CPU.Build.0 = Release|Any CPU
		{CCF76772-7FBB-4FD7-B297-13F58AE208AA}.Debug|Any CPU.ActiveCfg = Debug|Any CPU
		{CCF76772-7FBB-4FD7-B297-13F58AE208AA}.Debug|Any CPU.Build.0 = Debug|Any CPU
		{CCF76772-7FBB-4FD7-B297-13F58AE208AA}.Release|Any CPU.ActiveCfg = Release|Any CPU
		{CCF76772-7FBB-4FD7-B297-13F58AE208AA}.Release|Any CPU.Build.0 = Release|Any CPU
		{94D0806C-0382-4DD8-BB86-4692E32AE457}.Debug|Any CPU.ActiveCfg = Debug|Any CPU
		{94D0806C-0382-4DD8-BB86-4692E32AE457}.Debug|Any CPU.Build.0 = Debug|Any CPU
		{94D0806C-0382-4DD8-BB86-4692E32AE457}.Release|Any CPU.ActiveCfg = Release|Any CPU
		{94D0806C-0382-4DD8-BB86-4692E32AE457}.Release|Any CPU.Build.0 = Release|Any CPU
	EndGlobalSection
	GlobalSection(SolutionProperties) = preSolution
		HideSolutionNode = FALSE
	EndGlobalSection
	GlobalSection(ExtensibilityGlobals) = postSolution
		SolutionGuid = {C10A3C55-A512-43DE-AC0B-D1DCF1498727}
	EndGlobalSection
EndGlobal
